
Microsoft Visual Studio Solution File, Format Version 12.00
# Visual Studio Version 17
VisualStudioVersion = 17.8.34309.116
MinimumVisualStudioVersion = 10.0.40219.1
Project("{F184B08F-C81C-45F6-A57F-5ABD9991F28F}") = "pertemuan_2", "pertemuan_2\pertemuan_2.vbproj", "{05194254-7427-4881-8BDC-676ED6E2E777}"
EndProject
Global
	GlobalSection(SolutionConfigurationPlatforms) = preSolution
		Debug|Any CPU = Debug|Any CPU
		Release|Any CPU = Release|Any CPU
	EndGlobalSection
	GlobalSection(ProjectConfigurationPlatforms) = postSolution
		{05194254-7427-4881-8BDC-676ED6E2E777}.Debug|Any CPU.ActiveCfg = Debug|Any CPU
		{05194254-7427-4881-8BDC-676ED6E2E777}.Debug|Any CPU.Build.0 = Debug|Any CPU
		{05194254-7427-4881-8BDC-676ED6E2E777}.Release|Any CPU.ActiveCfg = Release|Any CPU
		{05194254-7427-4881-8BDC-676ED6E2E777}.Release|Any CPU.Build.0 = Release|Any CPU
	EndGlobalSection
	GlobalSection(SolutionProperties) = preSolution
		HideSolutionNode = FALSE
	EndGlobalSection
	GlobalSection(ExtensibilityGlobals) = postSolution
		SolutionGuid = {4F00A0F2-4136-4208-9135-0750914041DB}
	EndGlobalSection
EndGlobal
